
Microsoft Visual Studio Solution File, Format Version 12.00
# Visual Studio Version 16
VisualStudioVersion = 16.0.32126.315
MinimumVisualStudioVersion = 10.0.40219.1
Project("{FAE04EC0-301F-11D3-BF4B-00C04F79EFBC}") = "Final_Assignment", "Final_Assignment.csproj", "{D8D8736B-4C5C-499D-A0CD-ECCB2D2857C0}"
EndProject
Global
	GlobalSection(SolutionConfigurationPlatforms) = preSolution
		Debug|Any CPU = Debug|Any CPU
		Release|Any CPU = Release|Any CPU
	EndGlobalSection
	GlobalSection(ProjectConfigurationPlatforms) = postSolution
		{D8D8736B-4C5C-499D-A0CD-ECCB2D2857C0}.Debug|Any CPU.ActiveCfg = Debug|Any CPU
		{D8D8736B-4C5C-499D-A0CD-ECCB2D2857C0}.Debug|Any CPU.Build.0 = Debug|Any CPU
		{D8D8736B-4C5C-499D-A0CD-ECCB2D2857C0}.Release|Any CPU.ActiveCfg = Release|Any CPU
		{D8D8736B-4C5C-499D-A0CD-ECCB2D2857C0}.Release|Any CPU.Build.0 = Release|Any CPU
	EndGlobalSection
	GlobalSection(SolutionProperties) = preSolution
		HideSolutionNode = FALSE
	EndGlobalSection
	GlobalSection(ExtensibilityGlobals) = postSolution
		SolutionGuid = {601CEC7A-AD9C-4E5E-81AA-578DC10E12A1}
	EndGlobalSection
EndGlobal
